
Microsoft Visual Studio Solution File, Format Version 12.00
# Visual Studio Version 17
VisualStudioVersion = 17.4.33103.184
MinimumVisualStudioVersion = 10.0.40219.1
Project("{2150E333-8FDC-42A3-9474-1A3956D46DE8}") = "src", "src", "{A3C83E87-1376-4162-82E8-A1F69A9EC799}"
EndProject
Project("{2150E333-8FDC-42A3-9474-1A3956D46DE8}") = "tests", "tests", "{13490886-B7E4-4EDC-B4A2-670E9050FA9C}"
EndProject
Project("{2150E333-8FDC-42A3-9474-1A3956D46DE8}") = "libs", "libs", "{3E9C408C-EE72-4B77-9D44-271E6BE0A9E4}"
EndProject
Project("{9A19103F-16F7-4668-BE54-9A1E7A4F7556}") = "Firewall", "src\libs\Firewall\Firewall.csproj", "{48A42432-936E-4EE5-A59A-7EB7BF1F0994}"
EndProject
Project("{9A19103F-16F7-4668-BE54-9A1E7A4F7556}") = "Portproxy", "src\Portproxy\Portproxy.csproj", "{BDF2B67C-85FF-4621-AF47-2E2036BEED6D}"
EndProject
Project("{9A19103F-16F7-4668-BE54-9A1E7A4F7556}") = "WSL", "src\libs\WSL\WSL.csproj", "{97D40523-E07A-4D6A-9BB2-06B2E0B218BC}"
EndProject
Project("{9A19103F-16F7-4668-BE54-9A1E7A4F7556}") = "Strategies", "src\libs\Strategies\Strategies.csproj", "{C1D04803-54A3-43F3-AB5C-CAD747C39F72}"
EndProject
Project("{9A19103F-16F7-4668-BE54-9A1E7A4F7556}") = "WslTest", "tests\WslTest\WslTest.csproj", "{D4680A84-D6D3-405D-8D93-A576C0E79210}"
EndProject
Project("{9A19103F-16F7-4668-BE54-9A1E7A4F7556}") = "FirewallTest", "tests\FirewallTest\FirewallTest.csproj", "{5D54A1E0-69EA-414D-B5B9-0DD9BA21FD1D}"
EndProject
Project("{9A19103F-16F7-4668-BE54-9A1E7A4F7556}") = "StrategiesTest", "tests\StrategiesTest\StrategiesTest.csproj", "{73137EA5-87CF-4252-9237-7BE8750D7EFB}"
EndProject
Project("{9A19103F-16F7-4668-BE54-9A1E7A4F7556}") = "HelperTest", "tests\HelperTest\HelperTest.csproj", "{A2437028-39B8-445A-B5A8-4DB69EB76BF0}"
EndProject
Project("{9A19103F-16F7-4668-BE54-9A1E7A4F7556}") = "Ports", "src\libs\Ports\Ports.csproj", "{AEBE91CD-0C76-4E21-91A5-5C9A05262FE6}"
EndProject
Project("{9A19103F-16F7-4668-BE54-9A1E7A4F7556}") = "PortsTest", "tests\PortsTest\PortsTest.csproj", "{513A1681-FE14-4EBB-9FDE-52CF48D7D553}"
EndProject
Project("{9A19103F-16F7-4668-BE54-9A1E7A4F7556}") = "SolutionTest", "tests\SolutionTest\SolutionTest.csproj", "{9BBEEF99-4874-468E-9767-9C7727CEFF51}"
EndProject
Global
	GlobalSection(SolutionConfigurationPlatforms) = preSolution
		Debug|Any CPU = Debug|Any CPU
		Debug|x64 = Debug|x64
		Release|Any CPU = Release|Any CPU
		Release|x64 = Release|x64
	EndGlobalSection
	GlobalSection(ProjectConfigurationPlatforms) = postSolution
		{48A42432-936E-4EE5-A59A-7EB7BF1F0994}.Debug|Any CPU.ActiveCfg = Debug|x64
		{48A42432-936E-4EE5-A59A-7EB7BF1F0994}.Debug|Any CPU.Build.0 = Debug|x64
		{48A42432-936E-4EE5-A59A-7EB7BF1F0994}.Debug|x64.ActiveCfg = Debug|x64
		{48A42432-936E-4EE5-A59A-7EB7BF1F0994}.Debug|x64.Build.0 = Debug|x64
		{48A42432-936E-4EE5-A59A-7EB7BF1F0994}.Release|Any CPU.ActiveCfg = Release|Any CPU
		{48A42432-936E-4EE5-A59A-7EB7BF1F0994}.Release|Any CPU.Build.0 = Release|Any CPU
		{48A42432-936E-4EE5-A59A-7EB7BF1F0994}.Release|x64.ActiveCfg = Release|x64
		{48A42432-936E-4EE5-A59A-7EB7BF1F0994}.Release|x64.Build.0 = Release|x64
		{BDF2B67C-85FF-4621-AF47-2E2036BEED6D}.Debug|Any CPU.ActiveCfg = Debug|x64
		{BDF2B67C-85FF-4621-AF47-2E2036BEED6D}.Debug|Any CPU.Build.0 = Debug|x64
		{BDF2B67C-85FF-4621-AF47-2E2036BEED6D}.Debug|x64.ActiveCfg = Debug|x64
		{BDF2B67C-85FF-4621-AF47-2E2036BEED6D}.Debug|x64.Build.0 = Debug|x64
		{BDF2B67C-85FF-4621-AF47-2E2036BEED6D}.Release|Any CPU.ActiveCfg = Release|Any CPU
		{BDF2B67C-85FF-4621-AF47-2E2036BEED6D}.Release|Any CPU.Build.0 = Release|Any CPU
		{BDF2B67C-85FF-4621-AF47-2E2036BEED6D}.Release|x64.ActiveCfg = Release|x64
		{BDF2B67C-85FF-4621-AF47-2E2036BEED6D}.Release|x64.Build.0 = Release|x64
		{97D40523-E07A-4D6A-9BB2-06B2E0B218BC}.Debug|Any CPU.ActiveCfg = Debug|x64
		{97D40523-E07A-4D6A-9BB2-06B2E0B218BC}.Debug|Any CPU.Build.0 = Debug|x64
		{97D40523-E07A-4D6A-9BB2-06B2E0B218BC}.Debug|x64.ActiveCfg = Debug|x64
		{97D40523-E07A-4D6A-9BB2-06B2E0B218BC}.Debug|x64.Build.0 = Debug|x64
		{97D40523-E07A-4D6A-9BB2-06B2E0B218BC}.Release|Any CPU.ActiveCfg = Release|Any CPU
		{97D40523-E07A-4D6A-9BB2-06B2E0B218BC}.Release|Any CPU.Build.0 = Release|Any CPU
		{97D40523-E07A-4D6A-9BB2-06B2E0B218BC}.Release|x64.ActiveCfg = Release|x64
		{97D40523-E07A-4D6A-9BB2-06B2E0B218BC}.Release|x64.Build.0 = Release|x64
		{C1D04803-54A3-43F3-AB5C-CAD747C39F72}.Debug|Any CPU.ActiveCfg = Debug|x64
		{C1D04803-54A3-43F3-AB5C-CAD747C39F72}.Debug|Any CPU.Build.0 = Debug|x64
		{C1D04803-54A3-43F3-AB5C-CAD747C39F72}.Debug|x64.ActiveCfg = Debug|x64
		{C1D04803-54A3-43F3-AB5C-CAD747C39F72}.Debug|x64.Build.0 = Debug|x64
		{C1D04803-54A3-43F3-AB5C-CAD747C39F72}.Release|Any CPU.ActiveCfg = Release|Any CPU
		{C1D04803-54A3-43F3-AB5C-CAD747C39F72}.Release|Any CPU.Build.0 = Release|Any CPU
		{C1D04803-54A3-43F3-AB5C-CAD747C39F72}.Release|x64.ActiveCfg = Release|x64
		{C1D04803-54A3-43F3-AB5C-CAD747C39F72}.Release|x64.Build.0 = Release|x64
		{D4680A84-D6D3-405D-8D93-A576C0E79210}.Debug|Any CPU.ActiveCfg = Debug|x64
		{D4680A84-D6D3-405D-8D93-A576C0E79210}.Debug|Any CPU.Build.0 = Debug|x64
		{D4680A84-D6D3-405D-8D93-A576C0E79210}.Debug|x64.ActiveCfg = Debug|x64
		{D4680A84-D6D3-405D-8D93-A576C0E79210}.Debug|x64.Build.0 = Debug|x64
		{D4680A84-D6D3-405D-8D93-A576C0E79210}.Release|Any CPU.ActiveCfg = Release|Any CPU
		{D4680A84-D6D3-405D-8D93-A576C0E79210}.Release|Any CPU.Build.0 = Release|Any CPU
		{D4680A84-D6D3-405D-8D93-A576C0E79210}.Release|x64.ActiveCfg = Release|x64
		{D4680A84-D6D3-405D-8D93-A576C0E79210}.Release|x64.Build.0 = Release|x64
		{5D54A1E0-69EA-414D-B5B9-0DD9BA21FD1D}.Debug|Any CPU.ActiveCfg = Debug|x64
		{5D54A1E0-69EA-414D-B5B9-0DD9BA21FD1D}.Debug|Any CPU.Build.0 = Debug|x64
		{5D54A1E0-69EA-414D-B5B9-0DD9BA21FD1D}.Debug|x64.ActiveCfg = Debug|x64
		{5D54A1E0-69EA-414D-B5B9-0DD9BA21FD1D}.Debug|x64.Build.0 = Debug|x64
		{5D54A1E0-69EA-414D-B5B9-0DD9BA21FD1D}.Release|Any CPU.ActiveCfg = Release|Any CPU
		{5D54A1E0-69EA-414D-B5B9-0DD9BA21FD1D}.Release|Any CPU.Build.0 = Release|Any CPU
		{5D54A1E0-69EA-414D-B5B9-0DD9BA21FD1D}.Release|x64.ActiveCfg = Release|x64
		{5D54A1E0-69EA-414D-B5B9-0DD9BA21FD1D}.Release|x64.Build.0 = Release|x64
		{73137EA5-87CF-4252-9237-7BE8750D7EFB}.Debug|Any CPU.ActiveCfg = Debug|x64
		{73137EA5-87CF-4252-9237-7BE8750D7EFB}.Debug|Any CPU.Build.0 = Debug|x64
		{73137EA5-87CF-4252-9237-7BE8750D7EFB}.Debug|x64.ActiveCfg = Debug|x64
		{73137EA5-87CF-4252-9237-7BE8750D7EFB}.Debug|x64.Build.0 = Debug|x64
		{73137EA5-87CF-4252-9237-7BE8750D7EFB}.Release|Any CPU.ActiveCfg = Release|Any CPU
		{73137EA5-87CF-4252-9237-7BE8750D7EFB}.Release|Any CPU.Build.0 = Release|Any CPU
		{73137EA5-87CF-4252-9237-7BE8750D7EFB}.Release|x64.ActiveCfg = Release|x64
		{73137EA5-87CF-4252-9237-7BE8750D7EFB}.Release|x64.Build.0 = Release|x64
		{A2437028-39B8-445A-B5A8-4DB69EB76BF0}.Debug|Any CPU.ActiveCfg = Debug|x64
		{A2437028-39B8-445A-B5A8-4DB69EB76BF0}.Debug|Any CPU.Build.0 = Debug|x64
		{A2437028-39B8-445A-B5A8-4DB69EB76BF0}.Debug|x64.ActiveCfg = Debug|x64
		{A2437028-39B8-445A-B5A8-4DB69EB76BF0}.Debug|x64.Build.0 = Debug|x64
		{A2437028-39B8-445A-B5A8-4DB69EB76BF0}.Release|Any CPU.ActiveCfg = Release|Any CPU
		{A2437028-39B8-445A-B5A8-4DB69EB76BF0}.Release|Any CPU.Build.0 = Release|Any CPU
		{A2437028-39B8-445A-B5A8-4DB69EB76BF0}.Release|x64.ActiveCfg = Release|x64
		{A2437028-39B8-445A-B5A8-4DB69EB76BF0}.Release|x64.Build.0 = Release|x64
		{AEBE91CD-0C76-4E21-91A5-5C9A05262FE6}.Debug|Any CPU.ActiveCfg = Debug|Any CPU
		{AEBE91CD-0C76-4E21-91A5-5C9A05262FE6}.Debug|Any CPU.Build.0 = Debug|Any CPU
		{AEBE91CD-0C76-4E21-91A5-5C9A05262FE6}.Debug|x64.ActiveCfg = Debug|x64
		{AEBE91CD-0C76-4E21-91A5-5C9A05262FE6}.Debug|x64.Build.0 = Debug|x64
		{AEBE91CD-0C76-4E21-91A5-5C9A05262FE6}.Release|Any CPU.ActiveCfg = Release|Any CPU
		{AEBE91CD-0C76-4E21-91A5-5C9A05262FE6}.Release|Any CPU.Build.0 = Release|Any CPU
		{AEBE91CD-0C76-4E21-91A5-5C9A05262FE6}.Release|x64.ActiveCfg = Release|x64
		{AEBE91CD-0C76-4E21-91A5-5C9A05262FE6}.Release|x64.Build.0 = Release|x64
		{513A1681-FE14-4EBB-9FDE-52CF48D7D553}.Debug|Any CPU.ActiveCfg = Debug|Any CPU
		{513A1681-FE14-4EBB-9FDE-52CF48D7D553}.Debug|Any CPU.Build.0 = Debug|Any CPU
		{513A1681-FE14-4EBB-9FDE-52CF48D7D553}.Debug|x64.ActiveCfg = Debug|x64
		{513A1681-FE14-4EBB-9FDE-52CF48D7D553}.Debug|x64.Build.0 = Debug|x64
		{513A1681-FE14-4EBB-9FDE-52CF48D7D553}.Release|Any CPU.ActiveCfg = Release|Any CPU
		{513A1681-FE14-4EBB-9FDE-52CF48D7D553}.Release|Any CPU.Build.0 = Release|Any CPU
		{513A1681-FE14-4EBB-9FDE-52CF48D7D553}.Release|x64.ActiveCfg = Release|x64
		{513A1681-FE14-4EBB-9FDE-52CF48D7D553}.Release|x64.Build.0 = Release|x64
		{9BBEEF99-4874-468E-9767-9C7727CEFF51}.Debug|Any CPU.ActiveCfg = Debug|Any CPU
		{9BBEEF99-4874-468E-9767-9C7727CEFF51}.Debug|Any CPU.Build.0 = Debug|Any CPU
		{9BBEEF99-4874-468E-9767-9C7727CEFF51}.Debug|x64.ActiveCfg = Debug|x64
		{9BBEEF99-4874-468E-9767-9C7727CEFF51}.Debug|x64.Build.0 = Debug|x64
		{9BBEEF99-4874-468E-9767-9C7727CEFF51}.Release|Any CPU.ActiveCfg = Release|Any CPU
		{9BBEEF99-4874-468E-9767-9C7727CEFF51}.Release|Any CPU.Build.0 = Release|Any CPU
		{9BBEEF99-4874-468E-9767-9C7727CEFF51}.Release|x64.ActiveCfg = Release|x64
		{9BBEEF99-4874-468E-9767-9C7727CEFF51}.Release|x64.Build.0 = Release|x64
	EndGlobalSection
	GlobalSection(SolutionProperties) = preSolution
		HideSolutionNode = FALSE
	EndGlobalSection
	GlobalSection(NestedProjects) = preSolution
		{3E9C408C-EE72-4B77-9D44-271E6BE0A9E4} = {A3C83E87-1376-4162-82E8-A1F69A9EC799}
		{48A42432-936E-4EE5-A59A-7EB7BF1F0994} = {3E9C408C-EE72-4B77-9D44-271E6BE0A9E4}
		{BDF2B67C-85FF-4621-AF47-2E2036BEED6D} = {A3C83E87-1376-4162-82E8-A1F69A9EC799}
		{97D40523-E07A-4D6A-9BB2-06B2E0B218BC} = {3E9C408C-EE72-4B77-9D44-271E6BE0A9E4}
		{C1D04803-54A3-43F3-AB5C-CAD747C39F72} = {3E9C408C-EE72-4B77-9D44-271E6BE0A9E4}
		{D4680A84-D6D3-405D-8D93-A576C0E79210} = {13490886-B7E4-4EDC-B4A2-670E9050FA9C}
		{5D54A1E0-69EA-414D-B5B9-0DD9BA21FD1D} = {13490886-B7E4-4EDC-B4A2-670E9050FA9C}
		{73137EA5-87CF-4252-9237-7BE8750D7EFB} = {13490886-B7E4-4EDC-B4A2-670E9050FA9C}
		{A2437028-39B8-445A-B5A8-4DB69EB76BF0} = {13490886-B7E4-4EDC-B4A2-670E9050FA9C}
		{AEBE91CD-0C76-4E21-91A5-5C9A05262FE6} = {3E9C408C-EE72-4B77-9D44-271E6BE0A9E4}
		{513A1681-FE14-4EBB-9FDE-52CF48D7D553} = {13490886-B7E4-4EDC-B4A2-670E9050FA9C}
		{9BBEEF99-4874-468E-9767-9C7727CEFF51} = {13490886-B7E4-4EDC-B4A2-670E9050FA9C}
	EndGlobalSection
	GlobalSection(ExtensibilityGlobals) = postSolution
		SolutionGuid = {35632F29-704B-453A-B2CE-05FBCA1B9652}
	EndGlobalSection
EndGlobal
